// !$*UTF8*$!
{
	archiveVersion = 1;
	classes = {
	};
	objectVersion = 50;
	objects = {

/* Begin PBXBuildFile section */
		2348DAFE216E3266001565D9 /* AppDelegate.swift in Sources */ = {isa = PBXBuildFile; fileRef = 2348DAFD216E3266001565D9 /* AppDelegate.swift */; };
		2348DB00216E3266001565D9 /* ViewController.swift in Sources */ = {isa = PBXBuildFile; fileRef = 2348DAFF216E3266001565D9 /* ViewController.swift */; };
		2348DB03216E3266001565D9 /* Main.storyboard in Resources */ = {isa = PBXBuildFile; fileRef = 2348DB01216E3266001565D9 /* Main.storyboard */; };
		2348DB05216E3268001565D9 /* Assets.xcassets in Resources */ = {isa = PBXBuildFile; fileRef = 2348DB04216E3268001565D9 /* Assets.xcassets */; };
		2348DB08216E3268001565D9 /* LaunchScreen.storyboard in Resources */ = {isa = PBXBuildFile; fileRef = 2348DB06216E3268001565D9 /* LaunchScreen.storyboard */; };
		2348DB10216E32F1001565D9 /* ShapeView.swift in Sources */ = {isa = PBXBuildFile; fileRef = 2348DB0F216E32F1001565D9 /* ShapeView.swift */; };
/* End PBXBuildFile section */

/* Begin PBXFileReference section */
		2348DAFA216E3266001565D9 /* D06.app */ = {isa = PBXFileReference; explicitFileType = wrapper.application; includeInIndex = 0; path = D06.app; sourceTree = BUILT_PRODUCTS_DIR; };
		2348DAFD216E3266001565D9 /* AppDelegate.swift */ = {isa = PBXFileReference; lastKnownFileType = sourcecode.swift; path = AppDelegate.swift; sourceTree = "<group>"; };
		2348DAFF216E3266001565D9 /* ViewController.swift */ = {isa = PBXFileReference; lastKnownFileType = sourcecode.swift; path = ViewController.swift; sourceTree = "<group>"; };
		2348DB02216E3266001565D9 /* Base */ = {isa = PBXFileReference; lastKnownFileType = file.storyboard; name = Base; path = Base.lproj/Main.storyboard; sourceTree = "<group>"; };
		2348DB04216E3268001565D9 /* Assets.xcassets */ = {isa = PBXFileReference; lastKnownFileType = folder.assetcatalog; path = Assets.xcassets; sourceTree = "<group>"; };
		2348DB07216E3268001565D9 /* Base */ = {isa = PBXFileReference; lastKnownFileType = file.storyboard; name = Base; path = Base.lproj/LaunchScreen.storyboard; sourceTree = "<group>"; };
		2348DB09216E3268001565D9 /* Info.plist */ = {isa = PBXFileReference; lastKnownFileType = text.plist.xml; path = Info.plist; sourceTree = "<group>"; };
		2348DB0F216E32F1001565D9 /* ShapeView.swift */ = {isa = PBXFileReference; lastKnownFileType = sourcecode.swift; path = ShapeView.swift; sourceTree = "<group>"; };
/* End PBXFileReference section */

/* Begin PBXFrameworksBuildPhase section */
		2348DAF7216E3266001565D9 /* Frameworks */ = {
			isa = PBXFrameworksBuildPhase;
			buildActionMask = 2147483647;
			files = (
			);
			runOnlyForDeploymentPostprocessing = 0;
		};
/* End PBXFrameworksBuildPhase section */

/* Begin PBXGroup section */
		2348DAF1216E3266001565D9 = {
			isa = PBXGroup;
			children = (
				2348DAFC216E3266001565D9 /* D06 */,
				2348DAFB216E3266001565D9 /* Products */,
			);
			sourceTree = "<group>";
		};
		2348DAFB216E3266001565D9 /* Products */ = {
			isa = PBXGroup;
			children = (
				2348DAFA216E3266001565D9 /* D06.app */,
			);
			name = Products;
			sourceTree = "<group>";
		};
		2348DAFC216E3266001565D9 /* D06 */ = {
			isa = PBXGroup;
			children = (
				2348DAFD216E3266001565D9 /* AppDelegate.swift */,
				2348DAFF216E3266001565D9 /* ViewController.swift */,
				2348DB01216E3266001565D9 /* Main.storyboard */,
				2348DB0F216E32F1001565D9 /* ShapeView.swift */,
				2348DB04216E3268001565D9 /* Assets.xcassets */,
				2348DB06216E3268001565D9 /* LaunchScreen.storyboard */,
				2348DB09216E3268001565D9 /* Info.plist */,
			);
			path = D06;
			sourceTree = "<group>";
		};
/* End PBXGroup section */

/* Begin PBXNativeTarget section */
		2348DAF9216E3266001565D9 /* D06 */ = {
			isa = PBXNativeTarget;
			buildConfigurationList = 2348DB0C216E3268001565D9 /* Build configuration list for PBXNativeTarget "D06" */;
			buildPhases = (
				2348DAF6216E3266001565D9 /* Sources */,
				2348DAF7216E3266001565D9 /* Frameworks */,
				2348DAF8216E3266001565D9 /* Resources */,
			);
			buildRules = (
			);
			dependencies = (
			);
			name = D06;
			productName = D06;
			productReference = 2348DAFA216E3266001565D9 /* D06.app */;
			productType = "com.apple.product-type.application";
		};
/* End PBXNativeTarget section */

/* Begin PBXProject section */
		2348DAF2216E3266001565D9 /* Project object */ = {
			isa = PBXProject;
			attributes = {
				LastSwiftUpdateCheck = 0940;
				LastUpgradeCheck = 0940;
				ORGANIZATIONNAME = "Kgotego Thabiso MOSIME";
				TargetAttributes = {
					2348DAF9216E3266001565D9 = {
						CreatedOnToolsVersion = 9.4.1;
					};
				};
			};
			buildConfigurationList = 2348DAF5216E3266001565D9 /* Build configuration list for PBXProject "D06" */;
			compatibilityVersion = "Xcode 9.3";
			developmentRegion = en;
			hasScannedForEncodings = 0;
			knownRegions = (
				en,
				Base,
			);
			mainGroup = 2348DAF1216E3266001565D9;
			productRefGroup = 2348DAFB216E3266001565D9 /* Products */;
			projectDirPath = "";
			projectRoot = "";
			targets = (
				2348DAF9216E3266001565D9 /* D06 */,
			);
		};
/* End PBXProject section */

/* Begin PBXResourcesBuildPhase section */
		2348DAF8216E3266001565D9 /* Resources */ = {
			isa = PBXResourcesBuildPhase;
			buildActionMask = 2147483647;
			files = (
				2348DB08216E3268001565D9 /* LaunchScreen.storyboard in Resources */,
				2348DB05216E3268001565D9 /* Assets.xcassets in Resources */,
				2348DB03216E3266001565D9 /* Main.storyboard in Resources */,
			);
			runOnlyForDeploymentPostprocessing = 0;
		};
/* End PBXResourcesBuildPhase section */

/* Begin PBXSourcesBuildPhase section */
		2348DAF6216E3266001565D9 /* Sources */ = {
			isa = PBXSourcesBuildPhase;
			buildActionMask = 2147483647;
			files = (
				2348DB10216E32F1001565D9 /* ShapeView.swift in Sources */,
				2348DB00216E3266001565D9 /* ViewController.swift in Sources */,
				2348DAFE216E3266001565D9 /* AppDelegate.swift in Sources */,
			);
			runOnlyForDeploymentPostprocessing = 0;
		};
/* End PBXSourcesBuildPhase section */

/* Begin PBXVariantGroup section */
		2348DB01216E3266001565D9 /* Main.storyboard */ = {
			isa = PBXVariantGroup;
			children = (
				2348DB02216E3266001565D9 /* Base */,
			);
			name = Main.storyboard;
			sourceTree = "<group>";
		};
		2348DB06216E3268001565D9 /* LaunchScreen.storyboard */ = {
			isa = PBXVariantGroup;
			children = (
				2348DB07216E3268001565D9 /* Base */,
			);
			name = LaunchScreen.storyboard;
			sourceTree = "<group>";
		};
/* End PBXVariantGroup section */

/* Begin XCBuildConfiguration section */
		2348DB0A216E3268001565D9 /* Debug */ = {
			isa = XCBuildConfiguration;
			buildSettings = {
				ALWAYS_SEARCH_USER_PATHS = NO;
				CLANG_ANALYZER_NONNULL = YES;
				CLANG_ANALYZER_NUMBER_OBJECT_CONVERSION = YES_AGGRESSIVE;
				CLANG_CXX_LANGUAGE_STANDARD = "gnu++14";
				CLANG_CXX_LIBRARY = "libc++";
				CLANG_ENABLE_MODULES = YES;
				CLANG_ENABLE_OBJC_ARC = YES;
				CLANG_ENABLE_OBJC_WEAK = YES;
				CLANG_WARN_BLOCK_CAPTURE_AUTORELEASING = YES;
				CLANG_WARN_BOOL_CONVERSION = YES;
				CLANG_WARN_COMMA = YES;
				CLANG_WARN_CONSTANT_CONVERSION = YES;
				CLANG_WARN_DEPRECATED_OBJC_IMPLEMENTATIONS = YES;
				CLANG_WARN_DIRECT_OBJC_ISA_USAGE = YES_ERROR;
				CLANG_WARN_DOCUMENTATION_COMMENTS = YES;
				CLANG_WARN_EMPTY_BODY = YES;
				CLANG_WARN_ENUM_CONVERSION = YES;
				CLANG_WARN_INFINITE_RECURSION = YES;
				CLANG_WARN_INT_CONVERSION = YES;
				CLANG_WARN_NON_LITERAL_NULL_CONVERSION = YES;
				CLANG_WARN_OBJC_IMPLICIT_RETAIN_SELF = YES;
				CLANG_WARN_OBJC_LITERAL_CONVERSION = YES;
				CLANG_WARN_OBJC_ROOT_CLASS = YES_ERROR;
				CLANG_WARN_RANGE_LOOP_ANALYSIS = YES;
				CLANG_WARN_STRICT_PROTOTYPES = YES;
				CLANG_WARN_SUSPICIOUS_MOVE = YES;
				CLANG_WARN_UNGUARDED_AVAILABILITY = YES_AGGRESSIVE;
				CLANG_WARN_UNREACHABLE_CODE = YES;
				CLANG_WARN__DUPLICATE_METHOD_MATCH = YES;
				CODE_SIGN_IDENTITY = "iPhone Developer";
				COPY_PHASE_STRIP = NO;
				DEBUG_INFORMATION_FORMAT = dwarf;
				ENABLE_STRICT_OBJC_MSGSEND = YES;
				ENABLE_TESTABILITY = YES;
				GCC_C_LANGUAGE_STANDARD = gnu11;
				GCC_DYNAMIC_NO_PIC = NO;
				GCC_NO_COMMON_BLOCKS = YES;
				GCC_OPTIMIZATION_LEVEL = 0;
				GCC_PREPROCESSOR_DEFINITIONS = (
					"DEBUG=1",
					"$(inherited)",
				);
				GCC_WARN_64_TO_32_BIT_CONVERSION = YES;
				GCC_WARN_ABOUT_RETURN_TYPE = YES_ERROR;
				GCC_WARN_UNDECLARED_SELECTOR = YES;
				GCC_WARN_UNINITIALIZED_AUTOS = YES_AGGRESSIVE;
				GCC_WARN_UNUSED_FUNCTION = YES;
				GCC_WARN_UNUSED_VARIABLE = YES;
				IPHONEOS_DEPLOYMENT_TARGET = 11.4;
				MTL_ENABLE_DEBUG_INFO = YES;
				ONLY_ACTIVE_ARCH = YES;
				SDKROOT = iphoneos;
				SWIFT_ACTIVE_COMPILATION_CONDITIONS = DEBUG;
				SWIFT_OPTIMIZATION_LEVEL = "-Onone";
			};
			name = Debug;
		};
		2348DB0B216E3268001565D9 /* Release */ = {
			isa = XCBuildConfiguration;
			buildSettings = {
				ALWAYS_SEARCH_USER_PATHS = NO;
				CLANG_ANALYZER_NONNULL = YES;
				CLANG_ANALYZER_NUMBER_OBJECT_CONVERSION = YES_AGGRESSIVE;
				CLANG_CXX_LANGUAGE_STANDARD = "gnu++14";
				CLANG_CXX_LIBRARY = "libc++";
				CLANG_ENABLE_MODULES = YES;
				CLANG_ENABLE_OBJC_ARC = YES;
				CLANG_ENABLE_OBJC_WEAK = YES;
				CLANG_WARN_BLOCK_CAPTURE_AUTORELEASING = YES;
				CLANG_WARN_BOOL_CONVERSION = YES;
				CLANG_WARN_COMMA = YES;
				CLANG_WARN_CONSTANT_CONVERSION = YES;
				CLANG_WARN_DEPRECATED_OBJC_IMPLEMENTATIONS = YES;
				CLANG_WARN_DIRECT_OBJC_ISA_USAGE = YES_ERROR;
				CLANG_WARN_DOCUMENTATION_COMMENTS = YES;
				CLANG_WARN_EMPTY_BODY = YES;
				CLANG_WARN_ENUM_CONVERSION = YES;
				CLANG_WARN_INFINITE_RECURSION = YES;
				CLANG_WARN_INT_CONVERSION = YES;
				CLANG_WARN_NON_LITERAL_NULL_CONVERSION = YES;
				CLANG_WARN_OBJC_IMPLICIT_RETAIN_SELF = YES;
				CLANG_WARN_OBJC_LITERAL_CONVERSION = YES;
				CLANG_WARN_OBJC_ROOT_CLASS = YES_ERROR;
				CLANG_WARN_RANGE_LOOP_ANALYSIS = YES;
				CLANG_WARN_STRICT_PROTOTYPES = YES;
				CLANG_WARN_SUSPICIOUS_MOVE = YES;
				CLANG_WARN_UNGUARDED_AVAILABILITY = YES_AGGRESSIVE;
				CLANG_WARN_UNREACHABLE_CODE = YES;
				CLANG_WARN__DUPLICATE_METHOD_MATCH = YES;
				CODE_SIGN_IDENTITY = "iPhone Developer";
				COPY_PHASE_STRIP = NO;
				DEBUG_INFORMATION_FORMAT = "dwarf-with-dsym";
				ENABLE_NS_ASSERTIONS = NO;
				ENABLE_STRICT_OBJC_MSGSEND = YES;
				GCC_C_LANGUAGE_STANDARD = gnu11;
				GCC_NO_COMMON_BLOCKS = YES;
				GCC_WARN_64_TO_32_BIT_CONVERSION = YES;
				GCC_WARN_ABOUT_RETURN_TYPE = YES_ERROR;
				GCC_WARN_UNDECLARED_SELECTOR = YES;
				GCC_WARN_UNINITIALIZED_AUTOS = YES_AGGRESSIVE;
				GCC_WARN_UNUSED_FUNCTION = YES;
				GCC_WARN_UNUSED_VARIABLE = YES;
				IPHONEOS_DEPLOYMENT_TARGET = 11.4;
				MTL_ENABLE_DEBUG_INFO = NO;
				SDKROOT = iphoneos;
				SWIFT_COMPILATION_MODE = wholemodule;
				SWIFT_OPTIMIZATION_LEVEL = "-O";
				VALIDATE_PRODUCT = YES;
			};
			name = Release;
		};
		2348DB0D216E3268001565D9 /* Debug */ = {
			isa = XCBuildConfiguration;
			buildSettings = {
				ASSETCATALOG_COMPILER_APPICON_NAME = AppIcon;
				CODE_SIGN_STYLE = Automatic;
				INFOPLIST_FILE = D06/Info.plist;
				LD_RUNPATH_SEARCH_PATHS = (
					"$(inherited)",
					"@executable_path/Frameworks",
				);
				PRODUCT_BUNDLE_IDENTIFIER = kmosime.D06;
				PRODUCT_NAME = "$(TARGET_NAME)";
				SWIFT_VERSION = 4.0;
				TARGETED_DEVICE_FAMILY = "1,2";
			};
			name = Debug;
		};
		2348DB0E216E3268001565D9 /* Release */ = {
			isa = XCBuildConfiguration;
			buildSettings = {
				ASSETCATALOG_COMPILER_APPICON_NAME = AppIcon;
				CODE_SIGN_STYLE = Automatic;
				INFOPLIST_FILE = D06/Info.plist;
				LD_RUNPATH_SEARCH_PATHS = (
					"$(inherited)",
					"@executable_path/Frameworks",
				);
				PRODUCT_BUNDLE_IDENTIFIER = kmosime.D06;
				PRODUCT_NAME = "$(TARGET_NAME)";
				SWIFT_VERSION = 4.0;
				TARGETED_DEVICE_FAMILY = "1,2";
			};
			name = Release;
		};
/* End XCBuildConfiguration section */

/* Begin XCConfigurationList section */
		2348DAF5216E3266001565D9 /* Build configuration list for PBXProject "D06" */ = {
			isa = XCConfigurationList;
			buildConfigurations = (
				2348DB0A216E3268001565D9 /* Debug */,
				2348DB0B216E3268001565D9 /* Release */,
			);
			defaultConfigurationIsVisible = 0;
			defaultConfigurationName = Release;
		};
		2348DB0C216E3268001565D9 /* Build configuration list for PBXNativeTarget "D06" */ = {
			isa = XCConfigurationList;
			buildConfigurations = (
				2348DB0D216E3268001565D9 /* Debug */,
				2348DB0E216E3268001565D9 /* Release */,
			);
			defaultConfigurationIsVisible = 0;
			defaultConfigurationName = Release;
		};
/* End XCConfigurationList section */
	};
	rootObject = 2348DAF2216E3266001565D9 /* Project object */;
}
