// !$*UTF8*$!
{
	archiveVersion = 1;
	classes = {
	};
	objectVersion = 50;
	objects = {

/* Begin PBXBuildFile section */
		13B26684216F5C6800534FF8 /* AppDelegate.swift in Sources */ = {isa = PBXBuildFile; fileRef = 13B26683216F5C6800534FF8 /* AppDelegate.swift */; };
		13B26686216F5C6800534FF8 /* ViewController.swift in Sources */ = {isa = PBXBuildFile; fileRef = 13B26685216F5C6800534FF8 /* ViewController.swift */; };
		13B26689216F5C6800534FF8 /* Main.storyboard in Resources */ = {isa = PBXBuildFile; fileRef = 13B26687216F5C6800534FF8 /* Main.storyboard */; };
		13B2668B216F5C6F00534FF8 /* Assets.xcassets in Resources */ = {isa = PBXBuildFile; fileRef = 13B2668A216F5C6F00534FF8 /* Assets.xcassets */; };
		13B2668E216F5C6F00534FF8 /* LaunchScreen.storyboard in Resources */ = {isa = PBXBuildFile; fileRef = 13B2668C216F5C6F00534FF8 /* LaunchScreen.storyboard */; };
		13B26696216F649100534FF8 /* bot.swift in Sources */ = {isa = PBXBuildFile; fileRef = 13B26695216F649100534FF8 /* bot.swift */; };
		74D155442290D607928E66C8 /* Pods_D7.framework in Frameworks */ = {isa = PBXBuildFile; fileRef = 4B1E301636643610A2D87939 /* Pods_D7.framework */; };
/* End PBXBuildFile section */

/* Begin PBXFileReference section */
		07F90713D3E3555D6A8EC97D /* Pods-D7.release.xcconfig */ = {isa = PBXFileReference; includeInIndex = 1; lastKnownFileType = text.xcconfig; name = "Pods-D7.release.xcconfig"; path = "Pods/Target Support Files/Pods-D7/Pods-D7.release.xcconfig"; sourceTree = "<group>"; };
		13B26680216F5C6800534FF8 /* D7.app */ = {isa = PBXFileReference; explicitFileType = wrapper.application; includeInIndex = 0; path = D7.app; sourceTree = BUILT_PRODUCTS_DIR; };
		13B26683216F5C6800534FF8 /* AppDelegate.swift */ = {isa = PBXFileReference; lastKnownFileType = sourcecode.swift; path = AppDelegate.swift; sourceTree = "<group>"; };
		13B26685216F5C6800534FF8 /* ViewController.swift */ = {isa = PBXFileReference; lastKnownFileType = sourcecode.swift; path = ViewController.swift; sourceTree = "<group>"; };
		13B26688216F5C6800534FF8 /* Base */ = {isa = PBXFileReference; lastKnownFileType = file.storyboard; name = Base; path = Base.lproj/Main.storyboard; sourceTree = "<group>"; };
		13B2668A216F5C6F00534FF8 /* Assets.xcassets */ = {isa = PBXFileReference; lastKnownFileType = folder.assetcatalog; path = Assets.xcassets; sourceTree = "<group>"; };
		13B2668D216F5C6F00534FF8 /* Base */ = {isa = PBXFileReference; lastKnownFileType = file.storyboard; name = Base; path = Base.lproj/LaunchScreen.storyboard; sourceTree = "<group>"; };
		13B2668F216F5C6F00534FF8 /* Info.plist */ = {isa = PBXFileReference; lastKnownFileType = text.plist.xml; path = Info.plist; sourceTree = "<group>"; };
		13B26695216F649100534FF8 /* bot.swift */ = {isa = PBXFileReference; lastKnownFileType = sourcecode.swift; path = bot.swift; sourceTree = "<group>"; };
		1436F87425F6482F28438E3F /* Pods-D7.debug.xcconfig */ = {isa = PBXFileReference; includeInIndex = 1; lastKnownFileType = text.xcconfig; name = "Pods-D7.debug.xcconfig"; path = "Pods/Target Support Files/Pods-D7/Pods-D7.debug.xcconfig"; sourceTree = "<group>"; };
		4B1E301636643610A2D87939 /* Pods_D7.framework */ = {isa = PBXFileReference; explicitFileType = wrapper.framework; includeInIndex = 0; path = Pods_D7.framework; sourceTree = BUILT_PRODUCTS_DIR; };
/* End PBXFileReference section */

/* Begin PBXFrameworksBuildPhase section */
		13B2667D216F5C6800534FF8 /* Frameworks */ = {
			isa = PBXFrameworksBuildPhase;
			buildActionMask = 2147483647;
			files = (
				74D155442290D607928E66C8 /* Pods_D7.framework in Frameworks */,
			);
			runOnlyForDeploymentPostprocessing = 0;
		};
/* End PBXFrameworksBuildPhase section */

/* Begin PBXGroup section */
		13B26677216F5C6800534FF8 = {
			isa = PBXGroup;
			children = (
				13B26682216F5C6800534FF8 /* D7 */,
				13B26681216F5C6800534FF8 /* Products */,
				9C78A69C9797C5E97E3517E9 /* Pods */,
				7AFA12ADA0CC90BDE3349E6E /* Frameworks */,
			);
			sourceTree = "<group>";
		};
		13B26681216F5C6800534FF8 /* Products */ = {
			isa = PBXGroup;
			children = (
				13B26680216F5C6800534FF8 /* D7.app */,
			);
			name = Products;
			sourceTree = "<group>";
		};
		13B26682216F5C6800534FF8 /* D7 */ = {
			isa = PBXGroup;
			children = (
				13B26683216F5C6800534FF8 /* AppDelegate.swift */,
				13B26685216F5C6800534FF8 /* ViewController.swift */,
				13B26687216F5C6800534FF8 /* Main.storyboard */,
				13B2668A216F5C6F00534FF8 /* Assets.xcassets */,
				13B2668C216F5C6F00534FF8 /* LaunchScreen.storyboard */,
				13B2668F216F5C6F00534FF8 /* Info.plist */,
				13B26695216F649100534FF8 /* bot.swift */,
			);
			path = D7;
			sourceTree = "<group>";
		};
		7AFA12ADA0CC90BDE3349E6E /* Frameworks */ = {
			isa = PBXGroup;
			children = (
				4B1E301636643610A2D87939 /* Pods_D7.framework */,
			);
			name = Frameworks;
			sourceTree = "<group>";
		};
		9C78A69C9797C5E97E3517E9 /* Pods */ = {
			isa = PBXGroup;
			children = (
				1436F87425F6482F28438E3F /* Pods-D7.debug.xcconfig */,
				07F90713D3E3555D6A8EC97D /* Pods-D7.release.xcconfig */,
			);
			name = Pods;
			sourceTree = "<group>";
		};
/* End PBXGroup section */

/* Begin PBXNativeTarget section */
		13B2667F216F5C6800534FF8 /* D7 */ = {
			isa = PBXNativeTarget;
			buildConfigurationList = 13B26692216F5C6F00534FF8 /* Build configuration list for PBXNativeTarget "D7" */;
			buildPhases = (
				FE50F2E48DA7B9C70AD6F9A2 /* [CP] Check Pods Manifest.lock */,
				13B2667C216F5C6800534FF8 /* Sources */,
				13B2667D216F5C6800534FF8 /* Frameworks */,
				13B2667E216F5C6800534FF8 /* Resources */,
				013F481FB55D30536B9650FC /* [CP] Embed Pods Frameworks */,
			);
			buildRules = (
			);
			dependencies = (
			);
			name = D7;
			productName = D7;
			productReference = 13B26680216F5C6800534FF8 /* D7.app */;
			productType = "com.apple.product-type.application";
		};
/* End PBXNativeTarget section */

/* Begin PBXProject section */
		13B26678216F5C6800534FF8 /* Project object */ = {
			isa = PBXProject;
			attributes = {
				LastSwiftUpdateCheck = 0940;
				LastUpgradeCheck = 0940;
				ORGANIZATIONNAME = "Dipuo MAHLAKE";
				TargetAttributes = {
					13B2667F216F5C6800534FF8 = {
						CreatedOnToolsVersion = 9.4.1;
					};
				};
			};
			buildConfigurationList = 13B2667B216F5C6800534FF8 /* Build configuration list for PBXProject "D7" */;
			compatibilityVersion = "Xcode 9.3";
			developmentRegion = en;
			hasScannedForEncodings = 0;
			knownRegions = (
				en,
				Base,
			);
			mainGroup = 13B26677216F5C6800534FF8;
			productRefGroup = 13B26681216F5C6800534FF8 /* Products */;
			projectDirPath = "";
			projectRoot = "";
			targets = (
				13B2667F216F5C6800534FF8 /* D7 */,
			);
		};
/* End PBXProject section */

/* Begin PBXResourcesBuildPhase section */
		13B2667E216F5C6800534FF8 /* Resources */ = {
			isa = PBXResourcesBuildPhase;
			buildActionMask = 2147483647;
			files = (
				13B2668E216F5C6F00534FF8 /* LaunchScreen.storyboard in Resources */,
				13B2668B216F5C6F00534FF8 /* Assets.xcassets in Resources */,
				13B26689216F5C6800534FF8 /* Main.storyboard in Resources */,
			);
			runOnlyForDeploymentPostprocessing = 0;
		};
/* End PBXResourcesBuildPhase section */

/* Begin PBXShellScriptBuildPhase section */
		013F481FB55D30536B9650FC /* [CP] Embed Pods Frameworks */ = {
			isa = PBXShellScriptBuildPhase;
			buildActionMask = 2147483647;
			files = (
			);
			inputPaths = (
				"${SRCROOT}/Pods/Target Support Files/Pods-D7/Pods-D7-frameworks.sh",
				"${BUILT_PRODUCTS_DIR}/Alamofire/Alamofire.framework",
				"${BUILT_PRODUCTS_DIR}/DarkSkyKit/DarkSkyKit.framework",
				"${BUILT_PRODUCTS_DIR}/ForecastIO/ForecastIO.framework",
				"${BUILT_PRODUCTS_DIR}/ObjectMapper/ObjectMapper.framework",
				"${BUILT_PRODUCTS_DIR}/RecastAI/RecastAI.framework",
			);
			name = "[CP] Embed Pods Frameworks";
			outputPaths = (
				"${TARGET_BUILD_DIR}/${FRAMEWORKS_FOLDER_PATH}/Alamofire.framework",
				"${TARGET_BUILD_DIR}/${FRAMEWORKS_FOLDER_PATH}/DarkSkyKit.framework",
				"${TARGET_BUILD_DIR}/${FRAMEWORKS_FOLDER_PATH}/ForecastIO.framework",
				"${TARGET_BUILD_DIR}/${FRAMEWORKS_FOLDER_PATH}/ObjectMapper.framework",
				"${TARGET_BUILD_DIR}/${FRAMEWORKS_FOLDER_PATH}/RecastAI.framework",
			);
			runOnlyForDeploymentPostprocessing = 0;
			shellPath = /bin/sh;
			shellScript = "\"${SRCROOT}/Pods/Target Support Files/Pods-D7/Pods-D7-frameworks.sh\"\n";
			showEnvVarsInLog = 0;
		};
		FE50F2E48DA7B9C70AD6F9A2 /* [CP] Check Pods Manifest.lock */ = {
			isa = PBXShellScriptBuildPhase;
			buildActionMask = 2147483647;
			files = (
			);
			inputPaths = (
				"${PODS_PODFILE_DIR_PATH}/Podfile.lock",
				"${PODS_ROOT}/Manifest.lock",
			);
			name = "[CP] Check Pods Manifest.lock";
			outputPaths = (
				"$(DERIVED_FILE_DIR)/Pods-D7-checkManifestLockResult.txt",
			);
			runOnlyForDeploymentPostprocessing = 0;
			shellPath = /bin/sh;
			shellScript = "diff \"${PODS_PODFILE_DIR_PATH}/Podfile.lock\" \"${PODS_ROOT}/Manifest.lock\" > /dev/null\nif [ $? != 0 ] ; then\n    # print error to STDERR\n    echo \"error: The sandbox is not in sync with the Podfile.lock. Run 'pod install' or update your CocoaPods installation.\" >&2\n    exit 1\nfi\n# This output is used by Xcode 'outputs' to avoid re-running this script phase.\necho \"SUCCESS\" > \"${SCRIPT_OUTPUT_FILE_0}\"\n";
			showEnvVarsInLog = 0;
		};
/* End PBXShellScriptBuildPhase section */

/* Begin PBXSourcesBuildPhase section */
		13B2667C216F5C6800534FF8 /* Sources */ = {
			isa = PBXSourcesBuildPhase;
			buildActionMask = 2147483647;
			files = (
				13B26686216F5C6800534FF8 /* ViewController.swift in Sources */,
				13B26684216F5C6800534FF8 /* AppDelegate.swift in Sources */,
				13B26696216F649100534FF8 /* bot.swift in Sources */,
			);
			runOnlyForDeploymentPostprocessing = 0;
		};
/* End PBXSourcesBuildPhase section */

/* Begin PBXVariantGroup section */
		13B26687216F5C6800534FF8 /* Main.storyboard */ = {
			isa = PBXVariantGroup;
			children = (
				13B26688216F5C6800534FF8 /* Base */,
			);
			name = Main.storyboard;
			sourceTree = "<group>";
		};
		13B2668C216F5C6F00534FF8 /* LaunchScreen.storyboard */ = {
			isa = PBXVariantGroup;
			children = (
				13B2668D216F5C6F00534FF8 /* Base */,
			);
			name = LaunchScreen.storyboard;
			sourceTree = "<group>";
		};
/* End PBXVariantGroup section */

/* Begin XCBuildConfiguration section */
		13B26690216F5C6F00534FF8 /* Debug */ = {
			isa = XCBuildConfiguration;
			buildSettings = {
				ALWAYS_SEARCH_USER_PATHS = NO;
				CLANG_ANALYZER_NONNULL = YES;
				CLANG_ANALYZER_NUMBER_OBJECT_CONVERSION = YES_AGGRESSIVE;
				CLANG_CXX_LANGUAGE_STANDARD = "gnu++14";
				CLANG_CXX_LIBRARY = "libc++";
				CLANG_ENABLE_MODULES = YES;
				CLANG_ENABLE_OBJC_ARC = YES;
				CLANG_ENABLE_OBJC_WEAK = YES;
				CLANG_WARN_BLOCK_CAPTURE_AUTORELEASING = YES;
				CLANG_WARN_BOOL_CONVERSION = YES;
				CLANG_WARN_COMMA = YES;
				CLANG_WARN_CONSTANT_CONVERSION = YES;
				CLANG_WARN_DEPRECATED_OBJC_IMPLEMENTATIONS = YES;
				CLANG_WARN_DIRECT_OBJC_ISA_USAGE = YES_ERROR;
				CLANG_WARN_DOCUMENTATION_COMMENTS = YES;
				CLANG_WARN_EMPTY_BODY = YES;
				CLANG_WARN_ENUM_CONVERSION = YES;
				CLANG_WARN_INFINITE_RECURSION = YES;
				CLANG_WARN_INT_CONVERSION = YES;
				CLANG_WARN_NON_LITERAL_NULL_CONVERSION = YES;
				CLANG_WARN_OBJC_IMPLICIT_RETAIN_SELF = YES;
				CLANG_WARN_OBJC_LITERAL_CONVERSION = YES;
				CLANG_WARN_OBJC_ROOT_CLASS = YES_ERROR;
				CLANG_WARN_RANGE_LOOP_ANALYSIS = YES;
				CLANG_WARN_STRICT_PROTOTYPES = YES;
				CLANG_WARN_SUSPICIOUS_MOVE = YES;
				CLANG_WARN_UNGUARDED_AVAILABILITY = YES_AGGRESSIVE;
				CLANG_WARN_UNREACHABLE_CODE = YES;
				CLANG_WARN__DUPLICATE_METHOD_MATCH = YES;
				CODE_SIGN_IDENTITY = "iPhone Developer";
				COPY_PHASE_STRIP = NO;
				DEBUG_INFORMATION_FORMAT = dwarf;
				ENABLE_STRICT_OBJC_MSGSEND = YES;
				ENABLE_TESTABILITY = YES;
				GCC_C_LANGUAGE_STANDARD = gnu11;
				GCC_DYNAMIC_NO_PIC = NO;
				GCC_NO_COMMON_BLOCKS = YES;
				GCC_OPTIMIZATION_LEVEL = 0;
				GCC_PREPROCESSOR_DEFINITIONS = (
					"DEBUG=1",
					"$(inherited)",
				);
				GCC_WARN_64_TO_32_BIT_CONVERSION = YES;
				GCC_WARN_ABOUT_RETURN_TYPE = YES_ERROR;
				GCC_WARN_UNDECLARED_SELECTOR = YES;
				GCC_WARN_UNINITIALIZED_AUTOS = YES_AGGRESSIVE;
				GCC_WARN_UNUSED_FUNCTION = YES;
				GCC_WARN_UNUSED_VARIABLE = YES;
				IPHONEOS_DEPLOYMENT_TARGET = 11.4;
				MTL_ENABLE_DEBUG_INFO = YES;
				ONLY_ACTIVE_ARCH = YES;
				SDKROOT = iphoneos;
				SWIFT_ACTIVE_COMPILATION_CONDITIONS = DEBUG;
				SWIFT_OPTIMIZATION_LEVEL = "-Onone";
			};
			name = Debug;
		};
		13B26691216F5C6F00534FF8 /* Release */ = {
			isa = XCBuildConfiguration;
			buildSettings = {
				ALWAYS_SEARCH_USER_PATHS = NO;
				CLANG_ANALYZER_NONNULL = YES;
				CLANG_ANALYZER_NUMBER_OBJECT_CONVERSION = YES_AGGRESSIVE;
				CLANG_CXX_LANGUAGE_STANDARD = "gnu++14";
				CLANG_CXX_LIBRARY = "libc++";
				CLANG_ENABLE_MODULES = YES;
				CLANG_ENABLE_OBJC_ARC = YES;
				CLANG_ENABLE_OBJC_WEAK = YES;
				CLANG_WARN_BLOCK_CAPTURE_AUTORELEASING = YES;
				CLANG_WARN_BOOL_CONVERSION = YES;
				CLANG_WARN_COMMA = YES;
				CLANG_WARN_CONSTANT_CONVERSION = YES;
				CLANG_WARN_DEPRECATED_OBJC_IMPLEMENTATIONS = YES;
				CLANG_WARN_DIRECT_OBJC_ISA_USAGE = YES_ERROR;
				CLANG_WARN_DOCUMENTATION_COMMENTS = YES;
				CLANG_WARN_EMPTY_BODY = YES;
				CLANG_WARN_ENUM_CONVERSION = YES;
				CLANG_WARN_INFINITE_RECURSION = YES;
				CLANG_WARN_INT_CONVERSION = YES;
				CLANG_WARN_NON_LITERAL_NULL_CONVERSION = YES;
				CLANG_WARN_OBJC_IMPLICIT_RETAIN_SELF = YES;
				CLANG_WARN_OBJC_LITERAL_CONVERSION = YES;
				CLANG_WARN_OBJC_ROOT_CLASS = YES_ERROR;
				CLANG_WARN_RANGE_LOOP_ANALYSIS = YES;
				CLANG_WARN_STRICT_PROTOTYPES = YES;
				CLANG_WARN_SUSPICIOUS_MOVE = YES;
				CLANG_WARN_UNGUARDED_AVAILABILITY = YES_AGGRESSIVE;
				CLANG_WARN_UNREACHABLE_CODE = YES;
				CLANG_WARN__DUPLICATE_METHOD_MATCH = YES;
				CODE_SIGN_IDENTITY = "iPhone Developer";
				COPY_PHASE_STRIP = NO;
				DEBUG_INFORMATION_FORMAT = "dwarf-with-dsym";
				ENABLE_NS_ASSERTIONS = NO;
				ENABLE_STRICT_OBJC_MSGSEND = YES;
				GCC_C_LANGUAGE_STANDARD = gnu11;
				GCC_NO_COMMON_BLOCKS = YES;
				GCC_WARN_64_TO_32_BIT_CONVERSION = YES;
				GCC_WARN_ABOUT_RETURN_TYPE = YES_ERROR;
				GCC_WARN_UNDECLARED_SELECTOR = YES;
				GCC_WARN_UNINITIALIZED_AUTOS = YES_AGGRESSIVE;
				GCC_WARN_UNUSED_FUNCTION = YES;
				GCC_WARN_UNUSED_VARIABLE = YES;
				IPHONEOS_DEPLOYMENT_TARGET = 11.4;
				MTL_ENABLE_DEBUG_INFO = NO;
				SDKROOT = iphoneos;
				SWIFT_COMPILATION_MODE = wholemodule;
				SWIFT_OPTIMIZATION_LEVEL = "-O";
				VALIDATE_PRODUCT = YES;
			};
			name = Release;
		};
		13B26693216F5C6F00534FF8 /* Debug */ = {
			isa = XCBuildConfiguration;
			baseConfigurationReference = 1436F87425F6482F28438E3F /* Pods-D7.debug.xcconfig */;
			buildSettings = {
				ASSETCATALOG_COMPILER_APPICON_NAME = AppIcon;
				CODE_SIGN_STYLE = Automatic;
				INFOPLIST_FILE = D7/Info.plist;
				LD_RUNPATH_SEARCH_PATHS = (
					"$(inherited)",
					"@executable_path/Frameworks",
				);
				PRODUCT_BUNDLE_IDENTIFIER = swift.D7;
				PRODUCT_NAME = "$(TARGET_NAME)";
				SWIFT_VERSION = 4.0;
				TARGETED_DEVICE_FAMILY = "1,2";
			};
			name = Debug;
		};
		13B26694216F5C6F00534FF8 /* Release */ = {
			isa = XCBuildConfiguration;
			baseConfigurationReference = 07F90713D3E3555D6A8EC97D /* Pods-D7.release.xcconfig */;
			buildSettings = {
				ASSETCATALOG_COMPILER_APPICON_NAME = AppIcon;
				CODE_SIGN_STYLE = Automatic;
				INFOPLIST_FILE = D7/Info.plist;
				LD_RUNPATH_SEARCH_PATHS = (
					"$(inherited)",
					"@executable_path/Frameworks",
				);
				PRODUCT_BUNDLE_IDENTIFIER = swift.D7;
				PRODUCT_NAME = "$(TARGET_NAME)";
				SWIFT_VERSION = 4.0;
				TARGETED_DEVICE_FAMILY = "1,2";
			};
			name = Release;
		};
/* End XCBuildConfiguration section */

/* Begin XCConfigurationList section */
		13B2667B216F5C6800534FF8 /* Build configuration list for PBXProject "D7" */ = {
			isa = XCConfigurationList;
			buildConfigurations = (
				13B26690216F5C6F00534FF8 /* Debug */,
				13B26691216F5C6F00534FF8 /* Release */,
			);
			defaultConfigurationIsVisible = 0;
			defaultConfigurationName = Release;
		};
		13B26692216F5C6F00534FF8 /* Build configuration list for PBXNativeTarget "D7" */ = {
			isa = XCConfigurationList;
			buildConfigurations = (
				13B26693216F5C6F00534FF8 /* Debug */,
				13B26694216F5C6F00534FF8 /* Release */,
			);
			defaultConfigurationIsVisible = 0;
			defaultConfigurationName = Release;
		};
/* End XCConfigurationList section */
	};
	rootObject = 13B26678216F5C6800534FF8 /* Project object */;
}
